
Microsoft Visual Studio Solution File, Format Version 12.00
# Visual Studio Version 16
VisualStudioVersion = 16.0.30907.101
MinimumVisualStudioVersion = 10.0.40219.1
Project("{FAE04EC0-301F-11D3-BF4B-00C04F79EFBC}") = "JobsMVC.Web", "JobsMVC.Web\JobsMVC.Web.csproj", "{CBD06337-9399-4D73-B867-DB8966FCF86E}"
EndProject
Project("{2150E333-8FDC-42A3-9474-1A3956D46DE8}") = "Application", "Application", "{E87B80A3-1C67-45B3-8A98-873055E7E266}"
EndProject
Project("{2150E333-8FDC-42A3-9474-1A3956D46DE8}") = "Domain", "Domain", "{1E6E9729-6772-470C-97E2-0E125C93B32E}"
EndProject
Project("{2150E333-8FDC-42A3-9474-1A3956D46DE8}") = "Infrastructure", "Infrastructure", "{3CF8312F-FD09-4A62-B3B5-BB169A734CE1}"
EndProject
Project("{2150E333-8FDC-42A3-9474-1A3956D46DE8}") = "Test", "Test", "{CFBCCC4B-5D90-48F1-870F-53D8EB316DDD}"
EndProject
Project("{2150E333-8FDC-42A3-9474-1A3956D46DE8}") = "UI", "UI", "{FC19D2D1-7B06-4728-BCB5-339103EBFF24}"
EndProject
Project("{FAE04EC0-301F-11D3-BF4B-00C04F79EFBC}") = "JobsMVC.Application", "JobsMVC.Application\JobsMVC.Application.csproj", "{0C82361D-6A48-426A-BAE1-D77CFE2F6EC3}"
EndProject
Project("{FAE04EC0-301F-11D3-BF4B-00C04F79EFBC}") = "JobsMVC.Domain", "JobsMVC.Domain\JobsMVC.Domain.csproj", "{FCF4CC62-1851-4E52-8B35-1D872A960F89}"
EndProject
Project("{FAE04EC0-301F-11D3-BF4B-00C04F79EFBC}") = "JobsMVC.Infrastructure", "JobsMVC.Infrastructure\JobsMVC.Infrastructure.csproj", "{03F427F9-6E48-481B-A0E8-471AAA6B73B6}"
EndProject
Project("{FAE04EC0-301F-11D3-BF4B-00C04F79EFBC}") = "JobsMVC.Tests", "JobsMVC.Tests\JobsMVC.Tests.csproj", "{3F76AFF9-5484-4965-BA82-EDE56EE3C3AD}"
EndProject
Project("{2150E333-8FDC-42A3-9474-1A3956D46DE8}") = "Services", "Services", "{DCD904DB-83B7-402B-8A88-D362CAC8D7D0}"
EndProject
Project("{2150E333-8FDC-42A3-9474-1A3956D46DE8}") = "Interfaces", "Interfaces", "{FA5DA45A-5AAC-4706-A129-D1DC0D24CC61}"
EndProject
Project("{2150E333-8FDC-42A3-9474-1A3956D46DE8}") = "Interface", "Interface", "{68CB6663-A95D-4188-967E-8F84EDEFE0FF}"
EndProject
Project("{2150E333-8FDC-42A3-9474-1A3956D46DE8}") = "Model", "Model", "{2B22FCE5-3814-45F4-8932-2CD22FE6E0EA}"
EndProject
Project("{2150E333-8FDC-42A3-9474-1A3956D46DE8}") = "Repositories", "Repositories", "{CAD93247-5E9B-40F1-9271-CF63A85C9FF0}"
EndProject
Global
	GlobalSection(SolutionConfigurationPlatforms) = preSolution
		Debug|Any CPU = Debug|Any CPU
		Release|Any CPU = Release|Any CPU
	EndGlobalSection
	GlobalSection(ProjectConfigurationPlatforms) = postSolution
		{CBD06337-9399-4D73-B867-DB8966FCF86E}.Debug|Any CPU.ActiveCfg = Debug|Any CPU
		{CBD06337-9399-4D73-B867-DB8966FCF86E}.Debug|Any CPU.Build.0 = Debug|Any CPU
		{CBD06337-9399-4D73-B867-DB8966FCF86E}.Release|Any CPU.ActiveCfg = Release|Any CPU
		{CBD06337-9399-4D73-B867-DB8966FCF86E}.Release|Any CPU.Build.0 = Release|Any CPU
		{0C82361D-6A48-426A-BAE1-D77CFE2F6EC3}.Debug|Any CPU.ActiveCfg = Debug|Any CPU
		{0C82361D-6A48-426A-BAE1-D77CFE2F6EC3}.Debug|Any CPU.Build.0 = Debug|Any CPU
		{0C82361D-6A48-426A-BAE1-D77CFE2F6EC3}.Release|Any CPU.ActiveCfg = Release|Any CPU
		{0C82361D-6A48-426A-BAE1-D77CFE2F6EC3}.Release|Any CPU.Build.0 = Release|Any CPU
		{FCF4CC62-1851-4E52-8B35-1D872A960F89}.Debug|Any CPU.ActiveCfg = Debug|Any CPU
		{FCF4CC62-1851-4E52-8B35-1D872A960F89}.Debug|Any CPU.Build.0 = Debug|Any CPU
		{FCF4CC62-1851-4E52-8B35-1D872A960F89}.Release|Any CPU.ActiveCfg = Release|Any CPU
		{FCF4CC62-1851-4E52-8B35-1D872A960F89}.Release|Any CPU.Build.0 = Release|Any CPU
		{03F427F9-6E48-481B-A0E8-471AAA6B73B6}.Debug|Any CPU.ActiveCfg = Debug|Any CPU
		{03F427F9-6E48-481B-A0E8-471AAA6B73B6}.Debug|Any CPU.Build.0 = Debug|Any CPU
		{03F427F9-6E48-481B-A0E8-471AAA6B73B6}.Release|Any CPU.ActiveCfg = Release|Any CPU
		{03F427F9-6E48-481B-A0E8-471AAA6B73B6}.Release|Any CPU.Build.0 = Release|Any CPU
		{3F76AFF9-5484-4965-BA82-EDE56EE3C3AD}.Debug|Any CPU.ActiveCfg = Debug|Any CPU
		{3F76AFF9-5484-4965-BA82-EDE56EE3C3AD}.Debug|Any CPU.Build.0 = Debug|Any CPU
		{3F76AFF9-5484-4965-BA82-EDE56EE3C3AD}.Release|Any CPU.ActiveCfg = Release|Any CPU
		{3F76AFF9-5484-4965-BA82-EDE56EE3C3AD}.Release|Any CPU.Build.0 = Release|Any CPU
	EndGlobalSection
	GlobalSection(SolutionProperties) = preSolution
		HideSolutionNode = FALSE
	EndGlobalSection
	GlobalSection(NestedProjects) = preSolution
		{CBD06337-9399-4D73-B867-DB8966FCF86E} = {FC19D2D1-7B06-4728-BCB5-339103EBFF24}
		{0C82361D-6A48-426A-BAE1-D77CFE2F6EC3} = {E87B80A3-1C67-45B3-8A98-873055E7E266}
		{FCF4CC62-1851-4E52-8B35-1D872A960F89} = {1E6E9729-6772-470C-97E2-0E125C93B32E}
		{03F427F9-6E48-481B-A0E8-471AAA6B73B6} = {3CF8312F-FD09-4A62-B3B5-BB169A734CE1}
		{3F76AFF9-5484-4965-BA82-EDE56EE3C3AD} = {CFBCCC4B-5D90-48F1-870F-53D8EB316DDD}
		{DCD904DB-83B7-402B-8A88-D362CAC8D7D0} = {E87B80A3-1C67-45B3-8A98-873055E7E266}
		{FA5DA45A-5AAC-4706-A129-D1DC0D24CC61} = {E87B80A3-1C67-45B3-8A98-873055E7E266}
		{68CB6663-A95D-4188-967E-8F84EDEFE0FF} = {1E6E9729-6772-470C-97E2-0E125C93B32E}
		{2B22FCE5-3814-45F4-8932-2CD22FE6E0EA} = {1E6E9729-6772-470C-97E2-0E125C93B32E}
		{CAD93247-5E9B-40F1-9271-CF63A85C9FF0} = {3CF8312F-FD09-4A62-B3B5-BB169A734CE1}
	EndGlobalSection
	GlobalSection(ExtensibilityGlobals) = postSolution
		SolutionGuid = {7678BB2C-0FD0-4A15-BD29-097D8885E2D3}
	EndGlobalSection
EndGlobal
